// !$*UTF8*$!
{
	archiveVersion = 1;
	classes = {
	};
	objectVersion = 46;
	objects = {

/* Begin PBXBuildFile section */
		5BA85D4C48B1B6E077DA72CC /* Pods_Messanger.framework in Frameworks */ = {isa = PBXBuildFile; fileRef = D583274432D08DD881406F45 /* Pods_Messanger.framework */; };
		8443CAED1E2BA18E001924D5 /* AppDelegate.swift in Sources */ = {isa = PBXBuildFile; fileRef = 8443CAEC1E2BA18E001924D5 /* AppDelegate.swift */; };
		8443CAF21E2BA18E001924D5 /* Main.storyboard in Resources */ = {isa = PBXBuildFile; fileRef = 8443CAF01E2BA18E001924D5 /* Main.storyboard */; };
		8443CAF51E2BA18E001924D5 /* Messanger.xcdatamodeld in Sources */ = {isa = PBXBuildFile; fileRef = 8443CAF31E2BA18E001924D5 /* Messanger.xcdatamodeld */; };
		8443CAF71E2BA18E001924D5 /* Assets.xcassets in Resources */ = {isa = PBXBuildFile; fileRef = 8443CAF61E2BA18E001924D5 /* Assets.xcassets */; };
		8443CAFA1E2BA18E001924D5 /* LaunchScreen.storyboard in Resources */ = {isa = PBXBuildFile; fileRef = 8443CAF81E2BA18E001924D5 /* LaunchScreen.storyboard */; };
		8443CB061E2BA552001924D5 /* VKCoreDataManager.swift in Sources */ = {isa = PBXBuildFile; fileRef = 8443CB051E2BA552001924D5 /* VKCoreDataManager.swift */; };
		8443CB0D1E2BAE1B001924D5 /* VKMCurrentUser.swift in Sources */ = {isa = PBXBuildFile; fileRef = 8443CB0C1E2BAE1B001924D5 /* VKMCurrentUser.swift */; };
		8443CB0F1E2BAF1B001924D5 /* VKMCurrentUserFabric.swift in Sources */ = {isa = PBXBuildFile; fileRef = 8443CB0E1E2BAF1B001924D5 /* VKMCurrentUserFabric.swift */; };
		8443CB121E2BB324001924D5 /* VKMDialogsListViewController.swift in Sources */ = {isa = PBXBuildFile; fileRef = 8443CB111E2BB324001924D5 /* VKMDialogsListViewController.swift */; };
		89055C281E2BC38F0095B300 /* ACAuthManager.swift in Sources */ = {isa = PBXBuildFile; fileRef = 89055C271E2BC38F0095B300 /* ACAuthManager.swift */; };
		89055C2A1E2BC4900095B300 /* Podfile in Resources */ = {isa = PBXBuildFile; fileRef = 89055C291E2BC4900095B300 /* Podfile */; };
		890EADB91E3CFFFA00FF82D9 /* VKMDialog.swift in Sources */ = {isa = PBXBuildFile; fileRef = 890EADB81E3CFFFA00FF82D9 /* VKMDialog.swift */; };
		890EADBD1E3D030100FF82D9 /* VKMDialogListTableViewCell.swift in Sources */ = {isa = PBXBuildFile; fileRef = 890EADBB1E3D030100FF82D9 /* VKMDialogListTableViewCell.swift */; };
		890EADBE1E3D030100FF82D9 /* VKMDialogListTableViewCell.xib in Resources */ = {isa = PBXBuildFile; fileRef = 890EADBC1E3D030100FF82D9 /* VKMDialogListTableViewCell.xib */; };
		890EADC01E3D16FC00FF82D9 /* VKMDialogsListPresenter.swift in Sources */ = {isa = PBXBuildFile; fileRef = 890EADBF1E3D16FC00FF82D9 /* VKMDialogsListPresenter.swift */; };
		890EADC21E3D19A600FF82D9 /* VKMDialogsGetOperation.swift in Sources */ = {isa = PBXBuildFile; fileRef = 890EADC11E3D19A600FF82D9 /* VKMDialogsGetOperation.swift */; };
		890EADC41E3D227C00FF82D9 /* VKMDialogsManager.swift in Sources */ = {isa = PBXBuildFile; fileRef = 890EADC31E3D227C00FF82D9 /* VKMDialogsManager.swift */; };
		894957561E34FCDC00CAC14B /* VKMConst.swift in Sources */ = {isa = PBXBuildFile; fileRef = 894957551E34FCDC00CAC14B /* VKMConst.swift */; };
		8949575A1E34FD5100CAC14B /* ACViewControllersFabric.swift in Sources */ = {isa = PBXBuildFile; fileRef = 894957591E34FD5100CAC14B /* ACViewControllersFabric.swift */; };
		8949575E1E34FFFA00CAC14B /* VKMLoginViewController.swift in Sources */ = {isa = PBXBuildFile; fileRef = 8949575D1E34FFFA00CAC14B /* VKMLoginViewController.swift */; };
		894957621E350ADF00CAC14B /* BasePresenter.swift in Sources */ = {isa = PBXBuildFile; fileRef = 894957611E350ADF00CAC14B /* BasePresenter.swift */; };
		894957641E350B2D00CAC14B /* BaseView.swift in Sources */ = {isa = PBXBuildFile; fileRef = 894957631E350B2D00CAC14B /* BaseView.swift */; };
		894957671E350C5500CAC14B /* VKMDependencyInjector.swift in Sources */ = {isa = PBXBuildFile; fileRef = 894957661E350C5500CAC14B /* VKMDependencyInjector.swift */; };
		894957691E350C8F00CAC14B /* VKMFriendsListPresenter.swift in Sources */ = {isa = PBXBuildFile; fileRef = 894957681E350C8F00CAC14B /* VKMFriendsListPresenter.swift */; };
		8949576C1E350CAA00CAC14B /* VKMFriendsListVC.swift in Sources */ = {isa = PBXBuildFile; fileRef = 8949576B1E350CAA00CAC14B /* VKMFriendsListVC.swift */; };
		896C52281E2BCA4A00D5F3AE /* SDWebImage.framework in Frameworks */ = {isa = PBXBuildFile; fileRef = 896C52271E2BCA4A00D5F3AE /* SDWebImage.framework */; };
		896C522A1E2BCA4D00D5F3AE /* VK_ios_sdk.framework in Frameworks */ = {isa = PBXBuildFile; fileRef = 896C52291E2BCA4D00D5F3AE /* VK_ios_sdk.framework */; };
		89AC95E11E35152D0081217E /* API_WRAPPER.swift in Sources */ = {isa = PBXBuildFile; fileRef = 89AC95E01E35152D0081217E /* API_WRAPPER.swift */; };
		89AC95E31E3515830081217E /* SwiftyJSON.framework in Frameworks */ = {isa = PBXBuildFile; fileRef = 89AC95E21E3515830081217E /* SwiftyJSON.framework */; };
		89AC95E81E351D400081217E /* VKMOperationsManagers.swift in Sources */ = {isa = PBXBuildFile; fileRef = 89AC95E71E351D400081217E /* VKMOperationsManagers.swift */; };
		89AC95EB1E351EB70081217E /* VKMFriendsGetOperations.swift in Sources */ = {isa = PBXBuildFile; fileRef = 89AC95EA1E351EB70081217E /* VKMFriendsGetOperations.swift */; };
		89AC95EF1E35204C0081217E /* VKMFriend.swift in Sources */ = {isa = PBXBuildFile; fileRef = 89AC95EE1E35204C0081217E /* VKMFriend.swift */; };
		89AC95F11E3522120081217E /* VKMFriendsManager.swift in Sources */ = {isa = PBXBuildFile; fileRef = 89AC95F01E3522120081217E /* VKMFriendsManager.swift */; };
		89AC95F51E3523C90081217E /* VKMFriendsListTableViewCell.swift in Sources */ = {isa = PBXBuildFile; fileRef = 89AC95F31E3523C90081217E /* VKMFriendsListTableViewCell.swift */; };
		89AC95F61E3523C90081217E /* VKMFriendsListTableViewCell.xib in Resources */ = {isa = PBXBuildFile; fileRef = 89AC95F41E3523C90081217E /* VKMFriendsListTableViewCell.xib */; };
		89B657E41E3DCACC00DE7B29 /* VKMDialogForTwo.swift in Sources */ = {isa = PBXBuildFile; fileRef = 89B657E31E3DCACC00DE7B29 /* VKMDialogForTwo.swift */; };
		89B657E61E3DCAD900DE7B29 /* VKMDialogChat.swift in Sources */ = {isa = PBXBuildFile; fileRef = 89B657E51E3DCAD900DE7B29 /* VKMDialogChat.swift */; };
		89B657EA1E3E27FA00DE7B29 /* ACDialogTableViewCell.xib in Resources */ = {isa = PBXBuildFile; fileRef = 89B657E81E3E27FA00DE7B29 /* ACDialogTableViewCell.xib */; };
		89B657EB1E3E27FA00DE7B29 /* ACDialogTableViewCell.swift in Sources */ = {isa = PBXBuildFile; fileRef = 89B657E91E3E27FA00DE7B29 /* ACDialogTableViewCell.swift */; };
		89B657EE1E3E281500DE7B29 /* ACAvatarChatCollectionViewCell.xib in Resources */ = {isa = PBXBuildFile; fileRef = 89B657EC1E3E281500DE7B29 /* ACAvatarChatCollectionViewCell.xib */; };
		89B657EF1E3E281500DE7B29 /* ACAvatarChatCollectionViewCell.swift in Sources */ = {isa = PBXBuildFile; fileRef = 89B657ED1E3E281500DE7B29 /* ACAvatarChatCollectionViewCell.swift */; };
		89B657F21E3E2A0600DE7B29 /* VKMChatroom.swift in Sources */ = {isa = PBXBuildFile; fileRef = 89B657F11E3E2A0600DE7B29 /* VKMChatroom.swift */; };
/* End PBXBuildFile section */

/* Begin PBXFileReference section */
		8443CAE91E2BA18E001924D5 /* Messanger.app */ = {isa = PBXFileReference; explicitFileType = wrapper.application; includeInIndex = 0; path = Messanger.app; sourceTree = BUILT_PRODUCTS_DIR; };
		8443CAEC1E2BA18E001924D5 /* AppDelegate.swift */ = {isa = PBXFileReference; lastKnownFileType = sourcecode.swift; path = AppDelegate.swift; sourceTree = "<group>"; };
		8443CAF11E2BA18E001924D5 /* Base */ = {isa = PBXFileReference; lastKnownFileType = file.storyboard; name = Base; path = Base.lproj/Main.storyboard; sourceTree = "<group>"; };
		8443CAF41E2BA18E001924D5 /* Messanger.xcdatamodel */ = {isa = PBXFileReference; lastKnownFileType = wrapper.xcdatamodel; path = Messanger.xcdatamodel; sourceTree = "<group>"; };
		8443CAF61E2BA18E001924D5 /* Assets.xcassets */ = {isa = PBXFileReference; lastKnownFileType = folder.assetcatalog; path = Assets.xcassets; sourceTree = "<group>"; };
		8443CAF91E2BA18E001924D5 /* Base */ = {isa = PBXFileReference; lastKnownFileType = file.storyboard; name = Base; path = Base.lproj/LaunchScreen.storyboard; sourceTree = "<group>"; };
		8443CAFB1E2BA18E001924D5 /* Info.plist */ = {isa = PBXFileReference; lastKnownFileType = text.plist.xml; path = Info.plist; sourceTree = "<group>"; };
		8443CB051E2BA552001924D5 /* VKCoreDataManager.swift */ = {isa = PBXFileReference; fileEncoding = 4; lastKnownFileType = sourcecode.swift; path = VKCoreDataManager.swift; sourceTree = "<group>"; };
		8443CB0C1E2BAE1B001924D5 /* VKMCurrentUser.swift */ = {isa = PBXFileReference; fileEncoding = 4; lastKnownFileType = sourcecode.swift; path = VKMCurrentUser.swift; sourceTree = "<group>"; };
		8443CB0E1E2BAF1B001924D5 /* VKMCurrentUserFabric.swift */ = {isa = PBXFileReference; fileEncoding = 4; lastKnownFileType = sourcecode.swift; path = VKMCurrentUserFabric.swift; sourceTree = "<group>"; };
		8443CB111E2BB324001924D5 /* VKMDialogsListViewController.swift */ = {isa = PBXFileReference; fileEncoding = 4; lastKnownFileType = sourcecode.swift; path = VKMDialogsListViewController.swift; sourceTree = "<group>"; };
		89055C271E2BC38F0095B300 /* ACAuthManager.swift */ = {isa = PBXFileReference; fileEncoding = 4; lastKnownFileType = sourcecode.swift; path = ACAuthManager.swift; sourceTree = "<group>"; };
		89055C291E2BC4900095B300 /* Podfile */ = {isa = PBXFileReference; fileEncoding = 4; lastKnownFileType = text; path = Podfile; sourceTree = SOURCE_ROOT; xcLanguageSpecificationIdentifier = xcode.lang.ruby; };
		890EADB81E3CFFFA00FF82D9 /* VKMDialog.swift */ = {isa = PBXFileReference; fileEncoding = 4; lastKnownFileType = sourcecode.swift; path = VKMDialog.swift; sourceTree = "<group>"; };
		890EADBB1E3D030100FF82D9 /* VKMDialogListTableViewCell.swift */ = {isa = PBXFileReference; fileEncoding = 4; lastKnownFileType = sourcecode.swift; path = VKMDialogListTableViewCell.swift; sourceTree = "<group>"; };
		890EADBC1E3D030100FF82D9 /* VKMDialogListTableViewCell.xib */ = {isa = PBXFileReference; fileEncoding = 4; lastKnownFileType = file.xib; path = VKMDialogListTableViewCell.xib; sourceTree = "<group>"; };
		890EADBF1E3D16FC00FF82D9 /* VKMDialogsListPresenter.swift */ = {isa = PBXFileReference; fileEncoding = 4; lastKnownFileType = sourcecode.swift; path = VKMDialogsListPresenter.swift; sourceTree = "<group>"; };
		890EADC11E3D19A600FF82D9 /* VKMDialogsGetOperation.swift */ = {isa = PBXFileReference; fileEncoding = 4; lastKnownFileType = sourcecode.swift; path = VKMDialogsGetOperation.swift; sourceTree = "<group>"; };
		890EADC31E3D227C00FF82D9 /* VKMDialogsManager.swift */ = {isa = PBXFileReference; fileEncoding = 4; lastKnownFileType = sourcecode.swift; path = VKMDialogsManager.swift; sourceTree = "<group>"; };
		894957551E34FCDC00CAC14B /* VKMConst.swift */ = {isa = PBXFileReference; fileEncoding = 4; lastKnownFileType = sourcecode.swift; path = VKMConst.swift; sourceTree = "<group>"; };
		894957591E34FD5100CAC14B /* ACViewControllersFabric.swift */ = {isa = PBXFileReference; fileEncoding = 4; lastKnownFileType = sourcecode.swift; path = ACViewControllersFabric.swift; sourceTree = "<group>"; };
		8949575D1E34FFFA00CAC14B /* VKMLoginViewController.swift */ = {isa = PBXFileReference; fileEncoding = 4; lastKnownFileType = sourcecode.swift; path = VKMLoginViewController.swift; sourceTree = "<group>"; };
		894957611E350ADF00CAC14B /* BasePresenter.swift */ = {isa = PBXFileReference; fileEncoding = 4; lastKnownFileType = sourcecode.swift; path = BasePresenter.swift; sourceTree = "<group>"; };
		894957631E350B2D00CAC14B /* BaseView.swift */ = {isa = PBXFileReference; fileEncoding = 4; lastKnownFileType = sourcecode.swift; path = BaseView.swift; sourceTree = "<group>"; };
		894957661E350C5500CAC14B /* VKMDependencyInjector.swift */ = {isa = PBXFileReference; fileEncoding = 4; lastKnownFileType = sourcecode.swift; path = VKMDependencyInjector.swift; sourceTree = "<group>"; };
		894957681E350C8F00CAC14B /* VKMFriendsListPresenter.swift */ = {isa = PBXFileReference; fileEncoding = 4; lastKnownFileType = sourcecode.swift; path = VKMFriendsListPresenter.swift; sourceTree = "<group>"; };
		8949576B1E350CAA00CAC14B /* VKMFriendsListVC.swift */ = {isa = PBXFileReference; fileEncoding = 4; lastKnownFileType = sourcecode.swift; path = VKMFriendsListVC.swift; sourceTree = "<group>"; };
		896C52271E2BCA4A00D5F3AE /* SDWebImage.framework */ = {isa = PBXFileReference; lastKnownFileType = wrapper.framework; name = SDWebImage.framework; path = "../../../Library/Developer/Xcode/DerivedData/Messanger-fhacaxxfqnqhppfvkzywvofsbnqx/Build/Products/Debug-iphoneos/SDWebImage/SDWebImage.framework"; sourceTree = "<group>"; };
		896C52291E2BCA4D00D5F3AE /* VK_ios_sdk.framework */ = {isa = PBXFileReference; lastKnownFileType = wrapper.framework; name = VK_ios_sdk.framework; path = "../../../Library/Developer/Xcode/DerivedData/Messanger-fhacaxxfqnqhppfvkzywvofsbnqx/Build/Products/Debug-iphoneos/VK-ios-sdk/VK_ios_sdk.framework"; sourceTree = "<group>"; };
		89AC95E01E35152D0081217E /* API_WRAPPER.swift */ = {isa = PBXFileReference; fileEncoding = 4; lastKnownFileType = sourcecode.swift; path = API_WRAPPER.swift; sourceTree = "<group>"; };
		89AC95E21E3515830081217E /* SwiftyJSON.framework */ = {isa = PBXFileReference; lastKnownFileType = wrapper.framework; name = SwiftyJSON.framework; path = "../../../Library/Developer/Xcode/DerivedData/Messanger-fhacaxxfqnqhppfvkzywvofsbnqx/Build/Products/Debug-iphonesimulator/SwiftyJSON/SwiftyJSON.framework"; sourceTree = "<group>"; };
		89AC95E71E351D400081217E /* VKMOperationsManagers.swift */ = {isa = PBXFileReference; fileEncoding = 4; lastKnownFileType = sourcecode.swift; path = VKMOperationsManagers.swift; sourceTree = "<group>"; };
		89AC95EA1E351EB70081217E /* VKMFriendsGetOperations.swift */ = {isa = PBXFileReference; fileEncoding = 4; lastKnownFileType = sourcecode.swift; path = VKMFriendsGetOperations.swift; sourceTree = "<group>"; };
		89AC95EE1E35204C0081217E /* VKMFriend.swift */ = {isa = PBXFileReference; fileEncoding = 4; lastKnownFileType = sourcecode.swift; path = VKMFriend.swift; sourceTree = "<group>"; };
		89AC95F01E3522120081217E /* VKMFriendsManager.swift */ = {isa = PBXFileReference; fileEncoding = 4; lastKnownFileType = sourcecode.swift; path = VKMFriendsManager.swift; sourceTree = "<group>"; };
		89AC95F31E3523C90081217E /* VKMFriendsListTableViewCell.swift */ = {isa = PBXFileReference; fileEncoding = 4; lastKnownFileType = sourcecode.swift; path = VKMFriendsListTableViewCell.swift; sourceTree = "<group>"; };
		89AC95F41E3523C90081217E /* VKMFriendsListTableViewCell.xib */ = {isa = PBXFileReference; fileEncoding = 4; lastKnownFileType = file.xib; path = VKMFriendsListTableViewCell.xib; sourceTree = "<group>"; };
		89B657E31E3DCACC00DE7B29 /* VKMDialogForTwo.swift */ = {isa = PBXFileReference; fileEncoding = 4; lastKnownFileType = sourcecode.swift; path = VKMDialogForTwo.swift; sourceTree = "<group>"; };
		89B657E51E3DCAD900DE7B29 /* VKMDialogChat.swift */ = {isa = PBXFileReference; fileEncoding = 4; lastKnownFileType = sourcecode.swift; path = VKMDialogChat.swift; sourceTree = "<group>"; };
		89B657E81E3E27FA00DE7B29 /* ACDialogTableViewCell.xib */ = {isa = PBXFileReference; fileEncoding = 4; lastKnownFileType = file.xib; path = ACDialogTableViewCell.xib; sourceTree = "<group>"; };
		89B657E91E3E27FA00DE7B29 /* ACDialogTableViewCell.swift */ = {isa = PBXFileReference; fileEncoding = 4; lastKnownFileType = sourcecode.swift; path = ACDialogTableViewCell.swift; sourceTree = "<group>"; };
		89B657EC1E3E281500DE7B29 /* ACAvatarChatCollectionViewCell.xib */ = {isa = PBXFileReference; fileEncoding = 4; lastKnownFileType = file.xib; path = ACAvatarChatCollectionViewCell.xib; sourceTree = "<group>"; };
		89B657ED1E3E281500DE7B29 /* ACAvatarChatCollectionViewCell.swift */ = {isa = PBXFileReference; fileEncoding = 4; lastKnownFileType = sourcecode.swift; path = ACAvatarChatCollectionViewCell.swift; sourceTree = "<group>"; };
		89B657F11E3E2A0600DE7B29 /* VKMChatroom.swift */ = {isa = PBXFileReference; fileEncoding = 4; lastKnownFileType = sourcecode.swift; path = VKMChatroom.swift; sourceTree = "<group>"; };
		D583274432D08DD881406F45 /* Pods_Messanger.framework */ = {isa = PBXFileReference; explicitFileType = wrapper.framework; includeInIndex = 0; path = Pods_Messanger.framework; sourceTree = BUILT_PRODUCTS_DIR; };
		F615C9F1DD25532EBDBAB6FD /* Pods-Messanger.release.xcconfig */ = {isa = PBXFileReference; includeInIndex = 1; lastKnownFileType = text.xcconfig; name = "Pods-Messanger.release.xcconfig"; path = "Pods/Target Support Files/Pods-Messanger/Pods-Messanger.release.xcconfig"; sourceTree = "<group>"; };
		F8B72C84D9722EA55F46DFE4 /* Pods-Messanger.debug.xcconfig */ = {isa = PBXFileReference; includeInIndex = 1; lastKnownFileType = text.xcconfig; name = "Pods-Messanger.debug.xcconfig"; path = "Pods/Target Support Files/Pods-Messanger/Pods-Messanger.debug.xcconfig"; sourceTree = "<group>"; };
/* End PBXFileReference section */

/* Begin PBXFrameworksBuildPhase section */
		8443CAE61E2BA18E001924D5 /* Frameworks */ = {
			isa = PBXFrameworksBuildPhase;
			buildActionMask = 2147483647;
			files = (
				89AC95E31E3515830081217E /* SwiftyJSON.framework in Frameworks */,
				896C522A1E2BCA4D00D5F3AE /* VK_ios_sdk.framework in Frameworks */,
				896C52281E2BCA4A00D5F3AE /* SDWebImage.framework in Frameworks */,
				5BA85D4C48B1B6E077DA72CC /* Pods_Messanger.framework in Frameworks */,
			);
			runOnlyForDeploymentPostprocessing = 0;
		};
/* End PBXFrameworksBuildPhase section */

/* Begin PBXGroup section */
		8443CAE01E2BA18E001924D5 = {
			isa = PBXGroup;
			children = (
				89055C291E2BC4900095B300 /* Podfile */,
				8443CAEB1E2BA18E001924D5 /* Messanger */,
				8443CAEA1E2BA18E001924D5 /* Products */,
				AA1CE8D9E650159DD5325732 /* Pods */,
				9CFCF0DC22CB8C561886CB43 /* Frameworks */,
			);
			sourceTree = "<group>";
		};
		8443CAEA1E2BA18E001924D5 /* Products */ = {
			isa = PBXGroup;
			children = (
				8443CAE91E2BA18E001924D5 /* Messanger.app */,
			);
			name = Products;
			sourceTree = "<group>";
		};
		8443CAEB1E2BA18E001924D5 /* Messanger */ = {
			isa = PBXGroup;
			children = (
				89AC95F21E3523A60081217E /* custom views */,
				89AC95E91E351EA80081217E /* operations */,
				894957651E350C3400CAC14B /* dependency injector */,
				894957601E350AC400CAC14B /* view */,
				8949575F1E350AB500CAC14B /* Presenter */,
				894957571E34FCEC00CAC14B /* helpers */,
				8443CB101E2BB2F7001924D5 /* view controllers */,
				8443CB041E2BA515001924D5 /* data model */,
				8443CB021E2BA4E1001924D5 /* system */,
				8443CB011E2BA4D7001924D5 /* managers */,
			);
			path = Messanger;
			sourceTree = "<group>";
		};
		8443CB011E2BA4D7001924D5 /* managers */ = {
			isa = PBXGroup;
			children = (
				89AC95F01E3522120081217E /* VKMFriendsManager.swift */,
				890EADC31E3D227C00FF82D9 /* VKMDialogsManager.swift */,
				89AC95E71E351D400081217E /* VKMOperationsManagers.swift */,
				89055C271E2BC38F0095B300 /* ACAuthManager.swift */,
				8443CB051E2BA552001924D5 /* VKCoreDataManager.swift */,
				89AC95E01E35152D0081217E /* API_WRAPPER.swift */,
			);
			name = managers;
			sourceTree = "<group>";
		};
		8443CB021E2BA4E1001924D5 /* system */ = {
			isa = PBXGroup;
			children = (
				8443CAF01E2BA18E001924D5 /* Main.storyboard */,
				8443CAF61E2BA18E001924D5 /* Assets.xcassets */,
				8443CAF81E2BA18E001924D5 /* LaunchScreen.storyboard */,
				8443CAFB1E2BA18E001924D5 /* Info.plist */,
				8443CAEC1E2BA18E001924D5 /* AppDelegate.swift */,
			);
			name = system;
			sourceTree = "<group>";
		};
		8443CB041E2BA515001924D5 /* data model */ = {
			isa = PBXGroup;
			children = (
				89B657F01E3E299600DE7B29 /* Chatroom */,
				890EADB71E3CFDB700FF82D9 /* dialog */,
				89AC95ED1E3520400081217E /* friend */,
				8443CB0B1E2BAE03001924D5 /* current user */,
				8443CAF31E2BA18E001924D5 /* Messanger.xcdatamodeld */,
			);
			name = "data model";
			sourceTree = "<group>";
		};
		8443CB0B1E2BAE03001924D5 /* current user */ = {
			isa = PBXGroup;
			children = (
				8443CB0C1E2BAE1B001924D5 /* VKMCurrentUser.swift */,
				8443CB0E1E2BAF1B001924D5 /* VKMCurrentUserFabric.swift */,
			);
			name = "current user";
			sourceTree = "<group>";
		};
		8443CB101E2BB2F7001924D5 /* view controllers */ = {
			isa = PBXGroup;
			children = (
				8949576A1E350C9900CAC14B /* friends */,
				8949575C1E34FFE800CAC14B /* login */,
				8949575B1E34FFE100CAC14B /* dialogs */,
			);
			name = "view controllers";
			sourceTree = "<group>";
		};
		890EADB61E3CF16700FF82D9 /* FriendsListCell */ = {
			isa = PBXGroup;
			children = (
				89AC95F31E3523C90081217E /* VKMFriendsListTableViewCell.swift */,
				89AC95F41E3523C90081217E /* VKMFriendsListTableViewCell.xib */,
			);
			name = FriendsListCell;
			sourceTree = "<group>";
		};
		890EADB71E3CFDB700FF82D9 /* dialog */ = {
			isa = PBXGroup;
			children = (
				890EADB81E3CFFFA00FF82D9 /* VKMDialog.swift */,
				89B657E31E3DCACC00DE7B29 /* VKMDialogForTwo.swift */,
				89B657E51E3DCAD900DE7B29 /* VKMDialogChat.swift */,
			);
			name = dialog;
			sourceTree = "<group>";
		};
		890EADBA1E3D02D800FF82D9 /* DialogsListCell_ */ = {
			isa = PBXGroup;
			children = (
				890EADBB1E3D030100FF82D9 /* VKMDialogListTableViewCell.swift */,
				890EADBC1E3D030100FF82D9 /* VKMDialogListTableViewCell.xib */,
			);
			name = DialogsListCell_;
			sourceTree = "<group>";
		};
		894957571E34FCEC00CAC14B /* helpers */ = {
			isa = PBXGroup;
			children = (
				894957581E34FCF200CAC14B /* const */,
				894957591E34FD5100CAC14B /* ACViewControllersFabric.swift */,
			);
			name = helpers;
			sourceTree = "<group>";
		};
		894957581E34FCF200CAC14B /* const */ = {
			isa = PBXGroup;
			children = (
				894957551E34FCDC00CAC14B /* VKMConst.swift */,
			);
			name = const;
			sourceTree = "<group>";
		};
		8949575B1E34FFE100CAC14B /* dialogs */ = {
			isa = PBXGroup;
			children = (
				8443CB111E2BB324001924D5 /* VKMDialogsListViewController.swift */,
			);
			name = dialogs;
			sourceTree = "<group>";
		};
		8949575C1E34FFE800CAC14B /* login */ = {
			isa = PBXGroup;
			children = (
				8949575D1E34FFFA00CAC14B /* VKMLoginViewController.swift */,
			);
			name = login;
			sourceTree = "<group>";
		};
		8949575F1E350AB500CAC14B /* Presenter */ = {
			isa = PBXGroup;
			children = (
				894957611E350ADF00CAC14B /* BasePresenter.swift */,
				894957681E350C8F00CAC14B /* VKMFriendsListPresenter.swift */,
				890EADBF1E3D16FC00FF82D9 /* VKMDialogsListPresenter.swift */,
			);
			name = Presenter;
			sourceTree = "<group>";
		};
		894957601E350AC400CAC14B /* view */ = {
			isa = PBXGroup;
			children = (
				894957631E350B2D00CAC14B /* BaseView.swift */,
			);
			name = view;
			sourceTree = "<group>";
		};
		894957651E350C3400CAC14B /* dependency injector */ = {
			isa = PBXGroup;
			children = (
				894957661E350C5500CAC14B /* VKMDependencyInjector.swift */,
			);
			name = "dependency injector";
			sourceTree = "<group>";
		};
		8949576A1E350C9900CAC14B /* friends */ = {
			isa = PBXGroup;
			children = (
				8949576B1E350CAA00CAC14B /* VKMFriendsListVC.swift */,
			);
			name = friends;
			sourceTree = "<group>";
		};
		89AC95E91E351EA80081217E /* operations */ = {
			isa = PBXGroup;
			children = (
				89AC95EA1E351EB70081217E /* VKMFriendsGetOperations.swift */,
				890EADC11E3D19A600FF82D9 /* VKMDialogsGetOperation.swift */,
			);
			name = operations;
			sourceTree = "<group>";
		};
		89AC95ED1E3520400081217E /* friend */ = {
			isa = PBXGroup;
			children = (
				89AC95EE1E35204C0081217E /* VKMFriend.swift */,
			);
			name = friend;
			sourceTree = "<group>";
		};
		89AC95F21E3523A60081217E /* custom views */ = {
			isa = PBXGroup;
			children = (
				89B657E71E3E27E900DE7B29 /* dialogCells */,
				890EADBA1E3D02D800FF82D9 /* DialogsListCell_ */,
				890EADB61E3CF16700FF82D9 /* FriendsListCell */,
			);
			name = "custom views";
			sourceTree = "<group>";
		};
		89B657E71E3E27E900DE7B29 /* dialogCells */ = {
			isa = PBXGroup;
			children = (
				89B657E91E3E27FA00DE7B29 /* ACDialogTableViewCell.swift */,
				89B657E81E3E27FA00DE7B29 /* ACDialogTableViewCell.xib */,
				89B657ED1E3E281500DE7B29 /* ACAvatarChatCollectionViewCell.swift */,
				89B657EC1E3E281500DE7B29 /* ACAvatarChatCollectionViewCell.xib */,
			);
			name = dialogCells;
			sourceTree = "<group>";
		};
		89B657F01E3E299600DE7B29 /* Chatroom */ = {
			isa = PBXGroup;
			children = (
				89B657F11E3E2A0600DE7B29 /* VKMChatroom.swift */,
			);
			name = Chatroom;
			sourceTree = "<group>";
		};
		9CFCF0DC22CB8C561886CB43 /* Frameworks */ = {
			isa = PBXGroup;
			children = (
				89AC95E21E3515830081217E /* SwiftyJSON.framework */,
				896C52291E2BCA4D00D5F3AE /* VK_ios_sdk.framework */,
				896C52271E2BCA4A00D5F3AE /* SDWebImage.framework */,
				D583274432D08DD881406F45 /* Pods_Messanger.framework */,
			);
			name = Frameworks;
			sourceTree = "<group>";
		};
		AA1CE8D9E650159DD5325732 /* Pods */ = {
			isa = PBXGroup;
			children = (
				F8B72C84D9722EA55F46DFE4 /* Pods-Messanger.debug.xcconfig */,
				F615C9F1DD25532EBDBAB6FD /* Pods-Messanger.release.xcconfig */,
			);
			name = Pods;
			sourceTree = "<group>";
		};
/* End PBXGroup section */

/* Begin PBXNativeTarget section */
		8443CAE81E2BA18E001924D5 /* Messanger */ = {
			isa = PBXNativeTarget;
			buildConfigurationList = 8443CAFE1E2BA18E001924D5 /* Build configuration list for PBXNativeTarget "Messanger" */;
			buildPhases = (
				A1DE9A2F31004A1853F6FEC0 /* [CP] Check Pods Manifest.lock */,
				8443CAE51E2BA18E001924D5 /* Sources */,
				8443CAE61E2BA18E001924D5 /* Frameworks */,
				8443CAE71E2BA18E001924D5 /* Resources */,
				108F0DE019E0B7B66F43B3FA /* [CP] Embed Pods Frameworks */,
				5E923D3D8F450AB195C6C062 /* [CP] Copy Pods Resources */,
			);
			buildRules = (
			);
			dependencies = (
			);
			name = Messanger;
			productName = Messanger;
			productReference = 8443CAE91E2BA18E001924D5 /* Messanger.app */;
			productType = "com.apple.product-type.application";
		};
/* End PBXNativeTarget section */

/* Begin PBXProject section */
		8443CAE11E2BA18E001924D5 /* Project object */ = {
			isa = PBXProject;
			attributes = {
				LastSwiftUpdateCheck = 0820;
				LastUpgradeCheck = 0820;
				ORGANIZATIONNAME = Admin;
				TargetAttributes = {
					8443CAE81E2BA18E001924D5 = {
						CreatedOnToolsVersion = 8.2;
						DevelopmentTeam = GB857ZG62U;
						ProvisioningStyle = Automatic;
					};
				};
			};
			buildConfigurationList = 8443CAE41E2BA18E001924D5 /* Build configuration list for PBXProject "Messanger" */;
			compatibilityVersion = "Xcode 3.2";
			developmentRegion = English;
			hasScannedForEncodings = 0;
			knownRegions = (
				en,
				Base,
			);
			mainGroup = 8443CAE01E2BA18E001924D5;
			productRefGroup = 8443CAEA1E2BA18E001924D5 /* Products */;
			projectDirPath = "";
			projectRoot = "";
			targets = (
				8443CAE81E2BA18E001924D5 /* Messanger */,
			);
		};
/* End PBXProject section */

/* Begin PBXResourcesBuildPhase section */
		8443CAE71E2BA18E001924D5 /* Resources */ = {
			isa = PBXResourcesBuildPhase;
			buildActionMask = 2147483647;
			files = (
				890EADBE1E3D030100FF82D9 /* VKMDialogListTableViewCell.xib in Resources */,
				89B657EE1E3E281500DE7B29 /* ACAvatarChatCollectionViewCell.xib in Resources */,
				8443CAFA1E2BA18E001924D5 /* LaunchScreen.storyboard in Resources */,
				8443CAF71E2BA18E001924D5 /* Assets.xcassets in Resources */,
				89055C2A1E2BC4900095B300 /* Podfile in Resources */,
				8443CAF21E2BA18E001924D5 /* Main.storyboard in Resources */,
				89B657EA1E3E27FA00DE7B29 /* ACDialogTableViewCell.xib in Resources */,
				89AC95F61E3523C90081217E /* VKMFriendsListTableViewCell.xib in Resources */,
			);
			runOnlyForDeploymentPostprocessing = 0;
		};
/* End PBXResourcesBuildPhase section */

/* Begin PBXShellScriptBuildPhase section */
		108F0DE019E0B7B66F43B3FA /* [CP] Embed Pods Frameworks */ = {
			isa = PBXShellScriptBuildPhase;
			buildActionMask = 2147483647;
			files = (
			);
			inputPaths = (
			);
			name = "[CP] Embed Pods Frameworks";
			outputPaths = (
			);
			runOnlyForDeploymentPostprocessing = 0;
			shellPath = /bin/sh;
			shellScript = "\"${SRCROOT}/Pods/Target Support Files/Pods-Messanger/Pods-Messanger-frameworks.sh\"\n";
			showEnvVarsInLog = 0;
		};
		5E923D3D8F450AB195C6C062 /* [CP] Copy Pods Resources */ = {
			isa = PBXShellScriptBuildPhase;
			buildActionMask = 2147483647;
			files = (
			);
			inputPaths = (
			);
			name = "[CP] Copy Pods Resources";
			outputPaths = (
			);
			runOnlyForDeploymentPostprocessing = 0;
			shellPath = /bin/sh;
			shellScript = "\"${SRCROOT}/Pods/Target Support Files/Pods-Messanger/Pods-Messanger-resources.sh\"\n";
			showEnvVarsInLog = 0;
		};
		A1DE9A2F31004A1853F6FEC0 /* [CP] Check Pods Manifest.lock */ = {
			isa = PBXShellScriptBuildPhase;
			buildActionMask = 2147483647;
			files = (
			);
			inputPaths = (
			);
			name = "[CP] Check Pods Manifest.lock";
			outputPaths = (
			);
			runOnlyForDeploymentPostprocessing = 0;
			shellPath = /bin/sh;
			shellScript = "diff \"${PODS_ROOT}/../Podfile.lock\" \"${PODS_ROOT}/Manifest.lock\" > /dev/null\nif [ $? != 0 ] ; then\n    # print error to STDERR\n    echo \"error: The sandbox is not in sync with the Podfile.lock. Run 'pod install' or update your CocoaPods installation.\" >&2\n    exit 1\nfi\n";
			showEnvVarsInLog = 0;
		};
/* End PBXShellScriptBuildPhase section */

/* Begin PBXSourcesBuildPhase section */
		8443CAE51E2BA18E001924D5 /* Sources */ = {
			isa = PBXSourcesBuildPhase;
			buildActionMask = 2147483647;
			files = (
				8443CAF51E2BA18E001924D5 /* Messanger.xcdatamodeld in Sources */,
				890EADBD1E3D030100FF82D9 /* VKMDialogListTableViewCell.swift in Sources */,
				89055C281E2BC38F0095B300 /* ACAuthManager.swift in Sources */,
				890EADC21E3D19A600FF82D9 /* VKMDialogsGetOperation.swift in Sources */,
				8443CB061E2BA552001924D5 /* VKCoreDataManager.swift in Sources */,
				89B657EF1E3E281500DE7B29 /* ACAvatarChatCollectionViewCell.swift in Sources */,
				89AC95F11E3522120081217E /* VKMFriendsManager.swift in Sources */,
				890EADB91E3CFFFA00FF82D9 /* VKMDialog.swift in Sources */,
				894957641E350B2D00CAC14B /* BaseView.swift in Sources */,
				8443CAED1E2BA18E001924D5 /* AppDelegate.swift in Sources */,
				89B657EB1E3E27FA00DE7B29 /* ACDialogTableViewCell.swift in Sources */,
				89AC95E81E351D400081217E /* VKMOperationsManagers.swift in Sources */,
				89B657F21E3E2A0600DE7B29 /* VKMChatroom.swift in Sources */,
				8443CB0F1E2BAF1B001924D5 /* VKMCurrentUserFabric.swift in Sources */,
				89AC95EF1E35204C0081217E /* VKMFriend.swift in Sources */,
				89AC95E11E35152D0081217E /* API_WRAPPER.swift in Sources */,
				8949576C1E350CAA00CAC14B /* VKMFriendsListVC.swift in Sources */,
				890EADC01E3D16FC00FF82D9 /* VKMDialogsListPresenter.swift in Sources */,
				8949575A1E34FD5100CAC14B /* ACViewControllersFabric.swift in Sources */,
				890EADC41E3D227C00FF82D9 /* VKMDialogsManager.swift in Sources */,
				894957691E350C8F00CAC14B /* VKMFriendsListPresenter.swift in Sources */,
				894957671E350C5500CAC14B /* VKMDependencyInjector.swift in Sources */,
				8443CB0D1E2BAE1B001924D5 /* VKMCurrentUser.swift in Sources */,
				89B657E61E3DCAD900DE7B29 /* VKMDialogChat.swift in Sources */,
				894957561E34FCDC00CAC14B /* VKMConst.swift in Sources */,
				89B657E41E3DCACC00DE7B29 /* VKMDialogForTwo.swift in Sources */,
				8443CB121E2BB324001924D5 /* VKMDialogsListViewController.swift in Sources */,
				8949575E1E34FFFA00CAC14B /* VKMLoginViewController.swift in Sources */,
				894957621E350ADF00CAC14B /* BasePresenter.swift in Sources */,
				89AC95F51E3523C90081217E /* VKMFriendsListTableViewCell.swift in Sources */,
				89AC95EB1E351EB70081217E /* VKMFriendsGetOperations.swift in Sources */,
			);
			runOnlyForDeploymentPostprocessing = 0;
		};
/* End PBXSourcesBuildPhase section */

/* Begin PBXVariantGroup section */
		8443CAF01E2BA18E001924D5 /* Main.storyboard */ = {
			isa = PBXVariantGroup;
			children = (
				8443CAF11E2BA18E001924D5 /* Base */,
			);
			name = Main.storyboard;
			sourceTree = "<group>";
		};
		8443CAF81E2BA18E001924D5 /* LaunchScreen.storyboard */ = {
			isa = PBXVariantGroup;
			children = (
				8443CAF91E2BA18E001924D5 /* Base */,
			);
			name = LaunchScreen.storyboard;
			sourceTree = "<group>";
		};
/* End PBXVariantGroup section */

/* Begin XCBuildConfiguration section */
		8443CAFC1E2BA18E001924D5 /* Debug */ = {
			isa = XCBuildConfiguration;
			buildSettings = {
				ALWAYS_SEARCH_USER_PATHS = NO;
				CLANG_ANALYZER_NONNULL = YES;
				CLANG_CXX_LANGUAGE_STANDARD = "gnu++0x";
				CLANG_CXX_LIBRARY = "libc++";
				CLANG_ENABLE_MODULES = YES;
				CLANG_ENABLE_OBJC_ARC = YES;
				CLANG_WARN_BOOL_CONVERSION = YES;
				CLANG_WARN_CONSTANT_CONVERSION = YES;
				CLANG_WARN_DIRECT_OBJC_ISA_USAGE = YES_ERROR;
				CLANG_WARN_DOCUMENTATION_COMMENTS = YES;
				CLANG_WARN_EMPTY_BODY = YES;
				CLANG_WARN_ENUM_CONVERSION = YES;
				CLANG_WARN_INFINITE_RECURSION = YES;
				CLANG_WARN_INT_CONVERSION = YES;
				CLANG_WARN_OBJC_ROOT_CLASS = YES_ERROR;
				CLANG_WARN_SUSPICIOUS_MOVE = YES;
				CLANG_WARN_UNREACHABLE_CODE = YES;
				CLANG_WARN__DUPLICATE_METHOD_MATCH = YES;
				"CODE_SIGN_IDENTITY[sdk=iphoneos*]" = "iPhone Developer";
				COPY_PHASE_STRIP = NO;
				DEBUG_INFORMATION_FORMAT = dwarf;
				ENABLE_STRICT_OBJC_MSGSEND = YES;
				ENABLE_TESTABILITY = YES;
				GCC_C_LANGUAGE_STANDARD = gnu99;
				GCC_DYNAMIC_NO_PIC = NO;
				GCC_NO_COMMON_BLOCKS = YES;
				GCC_OPTIMIZATION_LEVEL = 0;
				GCC_PREPROCESSOR_DEFINITIONS = (
					"DEBUG=1",
					"$(inherited)",
				);
				GCC_WARN_64_TO_32_BIT_CONVERSION = YES;
				GCC_WARN_ABOUT_RETURN_TYPE = YES_ERROR;
				GCC_WARN_UNDECLARED_SELECTOR = YES;
				GCC_WARN_UNINITIALIZED_AUTOS = YES_AGGRESSIVE;
				GCC_WARN_UNUSED_FUNCTION = YES;
				GCC_WARN_UNUSED_VARIABLE = YES;
				IPHONEOS_DEPLOYMENT_TARGET = 10.2;
				MTL_ENABLE_DEBUG_INFO = YES;
				ONLY_ACTIVE_ARCH = YES;
				SDKROOT = iphoneos;
				SWIFT_ACTIVE_COMPILATION_CONDITIONS = DEBUG;
				SWIFT_OPTIMIZATION_LEVEL = "-Onone";
				TARGETED_DEVICE_FAMILY = "1,2";
			};
			name = Debug;
		};
		8443CAFD1E2BA18E001924D5 /* Release */ = {
			isa = XCBuildConfiguration;
			buildSettings = {
				ALWAYS_SEARCH_USER_PATHS = NO;
				CLANG_ANALYZER_NONNULL = YES;
				CLANG_CXX_LANGUAGE_STANDARD = "gnu++0x";
				CLANG_CXX_LIBRARY = "libc++";
				CLANG_ENABLE_MODULES = YES;
				CLANG_ENABLE_OBJC_ARC = YES;
				CLANG_WARN_BOOL_CONVERSION = YES;
				CLANG_WARN_CONSTANT_CONVERSION = YES;
				CLANG_WARN_DIRECT_OBJC_ISA_USAGE = YES_ERROR;
				CLANG_WARN_DOCUMENTATION_COMMENTS = YES;
				CLANG_WARN_EMPTY_BODY = YES;
				CLANG_WARN_ENUM_CONVERSION = YES;
				CLANG_WARN_INFINITE_RECURSION = YES;
				CLANG_WARN_INT_CONVERSION = YES;
				CLANG_WARN_OBJC_ROOT_CLASS = YES_ERROR;
				CLANG_WARN_SUSPICIOUS_MOVE = YES;
				CLANG_WARN_UNREACHABLE_CODE = YES;
				CLANG_WARN__DUPLICATE_METHOD_MATCH = YES;
				"CODE_SIGN_IDENTITY[sdk=iphoneos*]" = "iPhone Developer";
				COPY_PHASE_STRIP = NO;
				DEBUG_INFORMATION_FORMAT = "dwarf-with-dsym";
				ENABLE_NS_ASSERTIONS = NO;
				ENABLE_STRICT_OBJC_MSGSEND = YES;
				GCC_C_LANGUAGE_STANDARD = gnu99;
				GCC_NO_COMMON_BLOCKS = YES;
				GCC_WARN_64_TO_32_BIT_CONVERSION = YES;
				GCC_WARN_ABOUT_RETURN_TYPE = YES_ERROR;
				GCC_WARN_UNDECLARED_SELECTOR = YES;
				GCC_WARN_UNINITIALIZED_AUTOS = YES_AGGRESSIVE;
				GCC_WARN_UNUSED_FUNCTION = YES;
				GCC_WARN_UNUSED_VARIABLE = YES;
				IPHONEOS_DEPLOYMENT_TARGET = 10.2;
				MTL_ENABLE_DEBUG_INFO = NO;
				SDKROOT = iphoneos;
				SWIFT_OPTIMIZATION_LEVEL = "-Owholemodule";
				TARGETED_DEVICE_FAMILY = "1,2";
				VALIDATE_PRODUCT = YES;
			};
			name = Release;
		};
		8443CAFF1E2BA18E001924D5 /* Debug */ = {
			isa = XCBuildConfiguration;
			baseConfigurationReference = F8B72C84D9722EA55F46DFE4 /* Pods-Messanger.debug.xcconfig */;
			buildSettings = {
				ASSETCATALOG_COMPILER_APPICON_NAME = AppIcon;
				DEVELOPMENT_TEAM = GB857ZG62U;
				INFOPLIST_FILE = Messanger/Info.plist;
				IPHONEOS_DEPLOYMENT_TARGET = 9.0;
				LD_RUNPATH_SEARCH_PATHS = "$(inherited) @executable_path/Frameworks";
				PRODUCT_BUNDLE_IDENTIFIER = "vvz.vk-news";
				PRODUCT_NAME = "$(TARGET_NAME)";
				SWIFT_VERSION = 3.0;
			};
			name = Debug;
		};
		8443CB001E2BA18E001924D5 /* Release */ = {
			isa = XCBuildConfiguration;
			baseConfigurationReference = F615C9F1DD25532EBDBAB6FD /* Pods-Messanger.release.xcconfig */;
			buildSettings = {
				ASSETCATALOG_COMPILER_APPICON_NAME = AppIcon;
				DEVELOPMENT_TEAM = GB857ZG62U;
				INFOPLIST_FILE = Messanger/Info.plist;
				IPHONEOS_DEPLOYMENT_TARGET = 9.0;
				LD_RUNPATH_SEARCH_PATHS = "$(inherited) @executable_path/Frameworks";
				PRODUCT_BUNDLE_IDENTIFIER = "vvz.vk-news";
				PRODUCT_NAME = "$(TARGET_NAME)";
				SWIFT_VERSION = 3.0;
			};
			name = Release;
		};
/* End XCBuildConfiguration section */

/* Begin XCConfigurationList section */
		8443CAE41E2BA18E001924D5 /* Build configuration list for PBXProject "Messanger" */ = {
			isa = XCConfigurationList;
			buildConfigurations = (
				8443CAFC1E2BA18E001924D5 /* Debug */,
				8443CAFD1E2BA18E001924D5 /* Release */,
			);
			defaultConfigurationIsVisible = 0;
			defaultConfigurationName = Release;
		};
		8443CAFE1E2BA18E001924D5 /* Build configuration list for PBXNativeTarget "Messanger" */ = {
			isa = XCConfigurationList;
			buildConfigurations = (
				8443CAFF1E2BA18E001924D5 /* Debug */,
				8443CB001E2BA18E001924D5 /* Release */,
			);
			defaultConfigurationIsVisible = 0;
			defaultConfigurationName = Release;
		};
/* End XCConfigurationList section */

/* Begin XCVersionGroup section */
		8443CAF31E2BA18E001924D5 /* Messanger.xcdatamodeld */ = {
			isa = XCVersionGroup;
			children = (
				8443CAF41E2BA18E001924D5 /* Messanger.xcdatamodel */,
			);
			currentVersion = 8443CAF41E2BA18E001924D5 /* Messanger.xcdatamodel */;
			path = Messanger.xcdatamodeld;
			sourceTree = "<group>";
			versionGroupType = wrapper.xcdatamodel;
		};
/* End XCVersionGroup section */
	};
	rootObject = 8443CAE11E2BA18E001924D5 /* Project object */;
}
